
Microsoft Visual Studio Solution File, Format Version 12.00
# Visual Studio 14
VisualStudioVersion = 14.0.25420.1
MinimumVisualStudioVersion = 10.0.40219.1
Project("{FAE04EC0-301F-11D3-BF4B-00C04F79EFBC}") = "CRUDWebAPI", "CRUDWebAPI\CRUDWebAPI.csproj", "{C16E3C21-2DA6-413D-86D7-94F7E3A0F03B}"
EndProject
Project("{FAE04EC0-301F-11D3-BF4B-00C04F79EFBC}") = "CRUDWebApi_Client1", "CRUDWebApi_Client1\CRUDWebApi_Client1.csproj", "{5F32A427-0632-4894-BD8E-0C0AC82EBD1D}"
EndProject
Global
	GlobalSection(SolutionConfigurationPlatforms) = preSolution
		Debug|Any CPU = Debug|Any CPU
		Release|Any CPU = Release|Any CPU
	EndGlobalSection
	GlobalSection(ProjectConfigurationPlatforms) = postSolution
		{C16E3C21-2DA6-413D-86D7-94F7E3A0F03B}.Debug|Any CPU.ActiveCfg = Debug|Any CPU
		{C16E3C21-2DA6-413D-86D7-94F7E3A0F03B}.Debug|Any CPU.Build.0 = Debug|Any CPU
		{C16E3C21-2DA6-413D-86D7-94F7E3A0F03B}.Release|Any CPU.ActiveCfg = Release|Any CPU
		{C16E3C21-2DA6-413D-86D7-94F7E3A0F03B}.Release|Any CPU.Build.0 = Release|Any CPU
		{5F32A427-0632-4894-BD8E-0C0AC82EBD1D}.Debug|Any CPU.ActiveCfg = Debug|Any CPU
		{5F32A427-0632-4894-BD8E-0C0AC82EBD1D}.Debug|Any CPU.Build.0 = Debug|Any CPU
		{5F32A427-0632-4894-BD8E-0C0AC82EBD1D}.Release|Any CPU.ActiveCfg = Release|Any CPU
		{5F32A427-0632-4894-BD8E-0C0AC82EBD1D}.Release|Any CPU.Build.0 = Release|Any CPU
	EndGlobalSection
	GlobalSection(SolutionProperties) = preSolution
		HideSolutionNode = FALSE
	EndGlobalSection
EndGlobal
